
Microsoft Visual Studio Solution File, Format Version 12.00
# Visual Studio Version 17
VisualStudioVersion = 17.4.33213.308
MinimumVisualStudioVersion = 10.0.40219.1
Project("{9A19103F-16F7-4668-BE54-9A1E7A4F7556}") = "Business", "Business\Business.csproj", "{942E129A-C822-4D6A-8AF1-496DEAEB0879}"
EndProject
Project("{9A19103F-16F7-4668-BE54-9A1E7A4F7556}") = "DataAccess", "DataAccess\DataAccess.csproj", "{0D21161F-BA10-4DF8-B2FB-B9F6EEF4AD13}"
EndProject
Project("{9A19103F-16F7-4668-BE54-9A1E7A4F7556}") = "Entities", "Entities\Entities.csproj", "{33DE5869-3A87-4B41-9075-9665BDCCE4D5}"
EndProject
Project("{9A19103F-16F7-4668-BE54-9A1E7A4F7556}") = "Core", "Core\Core.csproj", "{962576E7-6363-44CF-8D28-5763312F4D9B}"
EndProject
Project("{9A19103F-16F7-4668-BE54-9A1E7A4F7556}") = "WebAPI", "WebAPI\WebAPI.csproj", "{F8909CE1-36C9-4596-8B84-6B25FEB03C0B}"
EndProject
Global
	GlobalSection(SolutionConfigurationPlatforms) = preSolution
		Debug|Any CPU = Debug|Any CPU
		Release|Any CPU = Release|Any CPU
	EndGlobalSection
	GlobalSection(ProjectConfigurationPlatforms) = postSolution
		{942E129A-C822-4D6A-8AF1-496DEAEB0879}.Debug|Any CPU.ActiveCfg = Debug|Any CPU
		{942E129A-C822-4D6A-8AF1-496DEAEB0879}.Debug|Any CPU.Build.0 = Debug|Any CPU
		{942E129A-C822-4D6A-8AF1-496DEAEB0879}.Release|Any CPU.ActiveCfg = Release|Any CPU
		{942E129A-C822-4D6A-8AF1-496DEAEB0879}.Release|Any CPU.Build.0 = Release|Any CPU
		{0D21161F-BA10-4DF8-B2FB-B9F6EEF4AD13}.Debug|Any CPU.ActiveCfg = Debug|Any CPU
		{0D21161F-BA10-4DF8-B2FB-B9F6EEF4AD13}.Debug|Any CPU.Build.0 = Debug|Any CPU
		{0D21161F-BA10-4DF8-B2FB-B9F6EEF4AD13}.Release|Any CPU.ActiveCfg = Release|Any CPU
		{0D21161F-BA10-4DF8-B2FB-B9F6EEF4AD13}.Release|Any CPU.Build.0 = Release|Any CPU
		{33DE5869-3A87-4B41-9075-9665BDCCE4D5}.Debug|Any CPU.ActiveCfg = Debug|Any CPU
		{33DE5869-3A87-4B41-9075-9665BDCCE4D5}.Debug|Any CPU.Build.0 = Debug|Any CPU
		{33DE5869-3A87-4B41-9075-9665BDCCE4D5}.Release|Any CPU.ActiveCfg = Release|Any CPU
		{33DE5869-3A87-4B41-9075-9665BDCCE4D5}.Release|Any CPU.Build.0 = Release|Any CPU
		{962576E7-6363-44CF-8D28-5763312F4D9B}.Debug|Any CPU.ActiveCfg = Debug|Any CPU
		{962576E7-6363-44CF-8D28-5763312F4D9B}.Debug|Any CPU.Build.0 = Debug|Any CPU
		{962576E7-6363-44CF-8D28-5763312F4D9B}.Release|Any CPU.ActiveCfg = Release|Any CPU
		{962576E7-6363-44CF-8D28-5763312F4D9B}.Release|Any CPU.Build.0 = Release|Any CPU
		{F8909CE1-36C9-4596-8B84-6B25FEB03C0B}.Debug|Any CPU.ActiveCfg = Debug|Any CPU
		{F8909CE1-36C9-4596-8B84-6B25FEB03C0B}.Debug|Any CPU.Build.0 = Debug|Any CPU
		{F8909CE1-36C9-4596-8B84-6B25FEB03C0B}.Release|Any CPU.ActiveCfg = Release|Any CPU
		{F8909CE1-36C9-4596-8B84-6B25FEB03C0B}.Release|Any CPU.Build.0 = Release|Any CPU
	EndGlobalSection
	GlobalSection(SolutionProperties) = preSolution
		HideSolutionNode = FALSE
	EndGlobalSection
	GlobalSection(ExtensibilityGlobals) = postSolution
		SolutionGuid = {A9C8DD89-622E-47D3-8F89-5467EF9B4008}
	EndGlobalSection
EndGlobal
